
Microsoft Visual Studio Solution File, Format Version 12.00
# Visual Studio Version 17
VisualStudioVersion = 17.0.31903.59
MinimumVisualStudioVersion = 10.0.40219.1
Project("{2150E333-8FDC-42A3-9474-1A3956D46DE8}") = "backend", "backend", "{1AE8ACA6-933B-BF2A-3671-3E2EAC007D16}"
EndProject
Project("{FAE04EC0-301F-11D3-BF4B-00C04F79EFBC}") = "CoopDesk.Domain", "backend\CoopDesk.Domain\CoopDesk.Domain.csproj", "{69071AE4-AEA5-4C59-A619-86C9244366BE}"
EndProject
Project("{FAE04EC0-301F-11D3-BF4B-00C04F79EFBC}") = "CoopDesk.Application", "backend\CoopDesk.Application\CoopDesk.Application.csproj", "{66D29241-C5E2-4A71-9310-1F5E06BB4CB6}"
EndProject
Project("{FAE04EC0-301F-11D3-BF4B-00C04F79EFBC}") = "CoopDesk.Infrastructure", "backend\CoopDesk.Infrastructure\CoopDesk.Infrastructure.csproj", "{A0EA5289-444A-4D8F-8A56-CFF28B710A67}"
EndProject
Project("{FAE04EC0-301F-11D3-BF4B-00C04F79EFBC}") = "CoopDesk.Api", "backend\CoopDesk.Api\CoopDesk.Api.csproj", "{DFB0B3D2-6488-4D34-A485-03AC521D921B}"
EndProject
Project("{2150E333-8FDC-42A3-9474-1A3956D46DE8}") = "desktop", "desktop", "{7A1224A0-F22D-34FF-DE0A-A058FAFFD90C}"
EndProject
Project("{FAE04EC0-301F-11D3-BF4B-00C04F79EFBC}") = "CoopDesk.Legacy.WinForms", "desktop\CoopDesk.Legacy.WinForms\CoopDesk.Legacy.WinForms.csproj", "{B6A64C43-EC3D-4FE2-8D5C-D0F07482AE89}"
EndProject
Project("{2150E333-8FDC-42A3-9474-1A3956D46DE8}") = "tests", "tests", "{0AB3BF05-4346-4AA6-1389-037BE0695223}"
EndProject
Project("{FAE04EC0-301F-11D3-BF4B-00C04F79EFBC}") = "CoopDesk.Tests", "tests\CoopDesk.Tests\CoopDesk.Tests.csproj", "{5790D5DC-AA44-446D-ADC4-7AE0F3F85BBB}"
EndProject
Global
	GlobalSection(SolutionConfigurationPlatforms) = preSolution
		Debug|Any CPU = Debug|Any CPU
		Debug|x64 = Debug|x64
		Debug|x86 = Debug|x86
		Release|Any CPU = Release|Any CPU
		Release|x64 = Release|x64
		Release|x86 = Release|x86
	EndGlobalSection
	GlobalSection(ProjectConfigurationPlatforms) = postSolution
		{69071AE4-AEA5-4C59-A619-86C9244366BE}.Debug|Any CPU.ActiveCfg = Debug|Any CPU
		{69071AE4-AEA5-4C59-A619-86C9244366BE}.Debug|Any CPU.Build.0 = Debug|Any CPU
		{69071AE4-AEA5-4C59-A619-86C9244366BE}.Debug|x64.ActiveCfg = Debug|Any CPU
		{69071AE4-AEA5-4C59-A619-86C9244366BE}.Debug|x64.Build.0 = Debug|Any CPU
		{69071AE4-AEA5-4C59-A619-86C9244366BE}.Debug|x86.ActiveCfg = Debug|Any CPU
		{69071AE4-AEA5-4C59-A619-86C9244366BE}.Debug|x86.Build.0 = Debug|Any CPU
		{69071AE4-AEA5-4C59-A619-86C9244366BE}.Release|Any CPU.ActiveCfg = Release|Any CPU
		{69071AE4-AEA5-4C59-A619-86C9244366BE}.Release|Any CPU.Build.0 = Release|Any CPU
		{69071AE4-AEA5-4C59-A619-86C9244366BE}.Release|x64.ActiveCfg = Release|Any CPU
		{69071AE4-AEA5-4C59-A619-86C9244366BE}.Release|x64.Build.0 = Release|Any CPU
		{69071AE4-AEA5-4C59-A619-86C9244366BE}.Release|x86.ActiveCfg = Release|Any CPU
		{69071AE4-AEA5-4C59-A619-86C9244366BE}.Release|x86.Build.0 = Release|Any CPU
		{66D29241-C5E2-4A71-9310-1F5E06BB4CB6}.Debug|Any CPU.ActiveCfg = Debug|Any CPU
		{66D29241-C5E2-4A71-9310-1F5E06BB4CB6}.Debug|Any CPU.Build.0 = Debug|Any CPU
		{66D29241-C5E2-4A71-9310-1F5E06BB4CB6}.Debug|x64.ActiveCfg = Debug|Any CPU
		{66D29241-C5E2-4A71-9310-1F5E06BB4CB6}.Debug|x64.Build.0 = Debug|Any CPU
		{66D29241-C5E2-4A71-9310-1F5E06BB4CB6}.Debug|x86.ActiveCfg = Debug|Any CPU
		{66D29241-C5E2-4A71-9310-1F5E06BB4CB6}.Debug|x86.Build.0 = Debug|Any CPU
		{66D29241-C5E2-4A71-9310-1F5E06BB4CB6}.Release|Any CPU.ActiveCfg = Release|Any CPU
		{66D29241-C5E2-4A71-9310-1F5E06BB4CB6}.Release|Any CPU.Build.0 = Release|Any CPU
		{66D29241-C5E2-4A71-9310-1F5E06BB4CB6}.Release|x64.ActiveCfg = Release|Any CPU
		{66D29241-C5E2-4A71-9310-1F5E06BB4CB6}.Release|x64.Build.0 = Release|Any CPU
		{66D29241-C5E2-4A71-9310-1F5E06BB4CB6}.Release|x86.ActiveCfg = Release|Any CPU
		{66D29241-C5E2-4A71-9310-1F5E06BB4CB6}.Release|x86.Build.0 = Release|Any CPU
		{A0EA5289-444A-4D8F-8A56-CFF28B710A67}.Debug|Any CPU.ActiveCfg = Debug|Any CPU
		{A0EA5289-444A-4D8F-8A56-CFF28B710A67}.Debug|Any CPU.Build.0 = Debug|Any CPU
		{A0EA5289-444A-4D8F-8A56-CFF28B710A67}.Debug|x64.ActiveCfg = Debug|Any CPU
		{A0EA5289-444A-4D8F-8A56-CFF28B710A67}.Debug|x64.Build.0 = Debug|Any CPU
		{A0EA5289-444A-4D8F-8A56-CFF28B710A67}.Debug|x86.ActiveCfg = Debug|Any CPU
		{A0EA5289-444A-4D8F-8A56-CFF28B710A67}.Debug|x86.Build.0 = Debug|Any CPU
		{A0EA5289-444A-4D8F-8A56-CFF28B710A67}.Release|Any CPU.ActiveCfg = Release|Any CPU
		{A0EA5289-444A-4D8F-8A56-CFF28B710A67}.Release|Any CPU.Build.0 = Release|Any CPU
		{A0EA5289-444A-4D8F-8A56-CFF28B710A67}.Release|x64.ActiveCfg = Release|Any CPU
		{A0EA5289-444A-4D8F-8A56-CFF28B710A67}.Release|x64.Build.0 = Release|Any CPU
		{A0EA5289-444A-4D8F-8A56-CFF28B710A67}.Release|x86.ActiveCfg = Release|Any CPU
		{A0EA5289-444A-4D8F-8A56-CFF28B710A67}.Release|x86.Build.0 = Release|Any CPU
		{DFB0B3D2-6488-4D34-A485-03AC521D921B}.Debug|Any CPU.ActiveCfg = Debug|Any CPU
		{DFB0B3D2-6488-4D34-A485-03AC521D921B}.Debug|Any CPU.Build.0 = Debug|Any CPU
		{DFB0B3D2-6488-4D34-A485-03AC521D921B}.Debug|x64.ActiveCfg = Debug|Any CPU
		{DFB0B3D2-6488-4D34-A485-03AC521D921B}.Debug|x64.Build.0 = Debug|Any CPU
		{DFB0B3D2-6488-4D34-A485-03AC521D921B}.Debug|x86.ActiveCfg = Debug|Any CPU
		{DFB0B3D2-6488-4D34-A485-03AC521D921B}.Debug|x86.Build.0 = Debug|Any CPU
		{DFB0B3D2-6488-4D34-A485-03AC521D921B}.Release|Any CPU.ActiveCfg = Release|Any CPU
		{DFB0B3D2-6488-4D34-A485-03AC521D921B}.Release|Any CPU.Build.0 = Release|Any CPU
		{DFB0B3D2-6488-4D34-A485-03AC521D921B}.Release|x64.ActiveCfg = Release|Any CPU
		{DFB0B3D2-6488-4D34-A485-03AC521D921B}.Release|x64.Build.0 = Release|Any CPU
		{DFB0B3D2-6488-4D34-A485-03AC521D921B}.Release|x86.ActiveCfg = Release|Any CPU
		{DFB0B3D2-6488-4D34-A485-03AC521D921B}.Release|x86.Build.0 = Release|Any CPU
		{B6A64C43-EC3D-4FE2-8D5C-D0F07482AE89}.Debug|Any CPU.ActiveCfg = Debug|Any CPU
		{B6A64C43-EC3D-4FE2-8D5C-D0F07482AE89}.Debug|Any CPU.Build.0 = Debug|Any CPU
		{B6A64C43-EC3D-4FE2-8D5C-D0F07482AE89}.Debug|x64.ActiveCfg = Debug|Any CPU
		{B6A64C43-EC3D-4FE2-8D5C-D0F07482AE89}.Debug|x64.Build.0 = Debug|Any CPU
		{B6A64C43-EC3D-4FE2-8D5C-D0F07482AE89}.Debug|x86.ActiveCfg = Debug|Any CPU
		{B6A64C43-EC3D-4FE2-8D5C-D0F07482AE89}.Debug|x86.Build.0 = Debug|Any CPU
		{B6A64C43-EC3D-4FE2-8D5C-D0F07482AE89}.Release|Any CPU.ActiveCfg = Release|Any CPU
		{B6A64C43-EC3D-4FE2-8D5C-D0F07482AE89}.Release|Any CPU.Build.0 = Release|Any CPU
		{B6A64C43-EC3D-4FE2-8D5C-D0F07482AE89}.Release|x64.ActiveCfg = Release|Any CPU
		{B6A64C43-EC3D-4FE2-8D5C-D0F07482AE89}.Release|x64.Build.0 = Release|Any CPU
		{B6A64C43-EC3D-4FE2-8D5C-D0F07482AE89}.Release|x86.ActiveCfg = Release|Any CPU
		{B6A64C43-EC3D-4FE2-8D5C-D0F07482AE89}.Release|x86.Build.0 = Release|Any CPU
		{5790D5DC-AA44-446D-ADC4-7AE0F3F85BBB}.Debug|Any CPU.ActiveCfg = Debug|Any CPU
		{5790D5DC-AA44-446D-ADC4-7AE0F3F85BBB}.Debug|Any CPU.Build.0 = Debug|Any CPU
		{5790D5DC-AA44-446D-ADC4-7AE0F3F85BBB}.Debug|x64.ActiveCfg = Debug|Any CPU
		{5790D5DC-AA44-446D-ADC4-7AE0F3F85BBB}.Debug|x64.Build.0 = Debug|Any CPU
		{5790D5DC-AA44-446D-ADC4-7AE0F3F85BBB}.Debug|x86.ActiveCfg = Debug|Any CPU
		{5790D5DC-AA44-446D-ADC4-7AE0F3F85BBB}.Debug|x86.Build.0 = Debug|Any CPU
		{5790D5DC-AA44-446D-ADC4-7AE0F3F85BBB}.Release|Any CPU.ActiveCfg = Release|Any CPU
		{5790D5DC-AA44-446D-ADC4-7AE0F3F85BBB}.Release|Any CPU.Build.0 = Release|Any CPU
		{5790D5DC-AA44-446D-ADC4-7AE0F3F85BBB}.Release|x64.ActiveCfg = Release|Any CPU
		{5790D5DC-AA44-446D-ADC4-7AE0F3F85BBB}.Release|x64.Build.0 = Release|Any CPU
		{5790D5DC-AA44-446D-ADC4-7AE0F3F85BBB}.Release|x86.ActiveCfg = Release|Any CPU
		{5790D5DC-AA44-446D-ADC4-7AE0F3F85BBB}.Release|x86.Build.0 = Release|Any CPU
	EndGlobalSection
	GlobalSection(SolutionProperties) = preSolution
		HideSolutionNode = FALSE
	EndGlobalSection
	GlobalSection(NestedProjects) = preSolution
		{69071AE4-AEA5-4C59-A619-86C9244366BE} = {1AE8ACA6-933B-BF2A-3671-3E2EAC007D16}
		{66D29241-C5E2-4A71-9310-1F5E06BB4CB6} = {1AE8ACA6-933B-BF2A-3671-3E2EAC007D16}
		{A0EA5289-444A-4D8F-8A56-CFF28B710A67} = {1AE8ACA6-933B-BF2A-3671-3E2EAC007D16}
		{DFB0B3D2-6488-4D34-A485-03AC521D921B} = {1AE8ACA6-933B-BF2A-3671-3E2EAC007D16}
		{B6A64C43-EC3D-4FE2-8D5C-D0F07482AE89} = {7A1224A0-F22D-34FF-DE0A-A058FAFFD90C}
		{5790D5DC-AA44-446D-ADC4-7AE0F3F85BBB} = {0AB3BF05-4346-4AA6-1389-037BE0695223}
	EndGlobalSection
EndGlobal
